
Microsoft Visual Studio Solution File, Format Version 12.00
# Visual Studio Version 17
VisualStudioVersion = 17.14.36109.1 d17.14
MinimumVisualStudioVersion = 10.0.40219.1
Project("{888888A0-9F3D-457C-B088-3A5042F75D52}") = "Scammer Tracker", "Scammer Tracker.pyproj", "{40B53682-697B-4865-9571-F87D6047EBF1}"
EndProject
Global
	GlobalSection(SolutionConfigurationPlatforms) = preSolution
		Debug|Any CPU = Debug|Any CPU
		Release|Any CPU = Release|Any CPU
	EndGlobalSection
	GlobalSection(ProjectConfigurationPlatforms) = postSolution
		{40B53682-697B-4865-9571-F87D6047EBF1}.Debug|Any CPU.ActiveCfg = Debug|Any CPU
		{40B53682-697B-4865-9571-F87D6047EBF1}.Release|Any CPU.ActiveCfg = Release|Any CPU
	EndGlobalSection
	GlobalSection(SolutionProperties) = preSolution
		HideSolutionNode = FALSE
	EndGlobalSection
	GlobalSection(ExtensibilityGlobals) = postSolution
		SolutionGuid = {A7F6B5A7-3EFF-42D3-9387-4D1FD9AD5D3D}
	EndGlobalSection
EndGlobal
